// !$*UTF8*$!
{
	archiveVersion = 1;
	classes = {
	};
	objectVersion = 50;
	objects = {

/* Begin PBXBuildFile section */
		8DFC7D83241D9A4600C5E59F /* AppDelegate.swift in Sources */ = {isa = PBXBuildFile; fileRef = 8DFC7D82241D9A4600C5E59F /* AppDelegate.swift */; };
		8DFC7D85241D9A4600C5E59F /* SceneDelegate.swift in Sources */ = {isa = PBXBuildFile; fileRef = 8DFC7D84241D9A4600C5E59F /* SceneDelegate.swift */; };
		8DFC7D87241D9A4600C5E59F /* ViewController.swift in Sources */ = {isa = PBXBuildFile; fileRef = 8DFC7D86241D9A4600C5E59F /* ViewController.swift */; };
		8DFC7D8A241D9A4600C5E59F /* Main.storyboard in Resources */ = {isa = PBXBuildFile; fileRef = 8DFC7D88241D9A4600C5E59F /* Main.storyboard */; };
		8DFC7D8C241D9A4700C5E59F /* Assets.xcassets in Resources */ = {isa = PBXBuildFile; fileRef = 8DFC7D8B241D9A4700C5E59F /* Assets.xcassets */; };
		8DFC7D8F241D9A4700C5E59F /* LaunchScreen.storyboard in Resources */ = {isa = PBXBuildFile; fileRef = 8DFC7D8D241D9A4700C5E59F /* LaunchScreen.storyboard */; };
		8DFC7D9A241D9A4700C5E59F /* i2020_03_14_CoordinatorTests.swift in Sources */ = {isa = PBXBuildFile; fileRef = 8DFC7D99241D9A4700C5E59F /* i2020_03_14_CoordinatorTests.swift */; };
		8DFC7DA5241D9A4800C5E59F /* i2020_03_14_CoordinatorUITests.swift in Sources */ = {isa = PBXBuildFile; fileRef = 8DFC7DA4241D9A4800C5E59F /* i2020_03_14_CoordinatorUITests.swift */; };
		8DFC7DB4241D9F8100C5E59F /* Coordinator.swift in Sources */ = {isa = PBXBuildFile; fileRef = 8DFC7DB3241D9F8100C5E59F /* Coordinator.swift */; };
		8DFC7DB6241D9FAA00C5E59F /* Storyboarded.swift in Sources */ = {isa = PBXBuildFile; fileRef = 8DFC7DB5241D9FAA00C5E59F /* Storyboarded.swift */; };
		8DFC7DB9241D9FEB00C5E59F /* MainCoordinator.swift in Sources */ = {isa = PBXBuildFile; fileRef = 8DFC7DB8241D9FEB00C5E59F /* MainCoordinator.swift */; };
		8DFC7DBB241DA0B600C5E59F /* SecondViewController.swift in Sources */ = {isa = PBXBuildFile; fileRef = 8DFC7DBA241DA0B600C5E59F /* SecondViewController.swift */; };
		8DFC7DBD241DA0C400C5E59F /* ThirdViewController.swift in Sources */ = {isa = PBXBuildFile; fileRef = 8DFC7DBC241DA0C400C5E59F /* ThirdViewController.swift */; };
/* End PBXBuildFile section */

/* Begin PBXContainerItemProxy section */
		8DFC7D96241D9A4700C5E59F /* PBXContainerItemProxy */ = {
			isa = PBXContainerItemProxy;
			containerPortal = 8DFC7D77241D9A4600C5E59F /* Project object */;
			proxyType = 1;
			remoteGlobalIDString = 8DFC7D7E241D9A4600C5E59F;
			remoteInfo = i2020_03_14_Coordinator;
		};
		8DFC7DA1241D9A4800C5E59F /* PBXContainerItemProxy */ = {
			isa = PBXContainerItemProxy;
			containerPortal = 8DFC7D77241D9A4600C5E59F /* Project object */;
			proxyType = 1;
			remoteGlobalIDString = 8DFC7D7E241D9A4600C5E59F;
			remoteInfo = i2020_03_14_Coordinator;
		};
/* End PBXContainerItemProxy section */

/* Begin PBXFileReference section */
		8DFC7D7F241D9A4600C5E59F /* i2020_03_14_Coordinator.app */ = {isa = PBXFileReference; explicitFileType = wrapper.application; includeInIndex = 0; path = i2020_03_14_Coordinator.app; sourceTree = BUILT_PRODUCTS_DIR; };
		8DFC7D82241D9A4600C5E59F /* AppDelegate.swift */ = {isa = PBXFileReference; lastKnownFileType = sourcecode.swift; path = AppDelegate.swift; sourceTree = "<group>"; };
		8DFC7D84241D9A4600C5E59F /* SceneDelegate.swift */ = {isa = PBXFileReference; lastKnownFileType = sourcecode.swift; path = SceneDelegate.swift; sourceTree = "<group>"; };
		8DFC7D86241D9A4600C5E59F /* ViewController.swift */ = {isa = PBXFileReference; lastKnownFileType = sourcecode.swift; path = ViewController.swift; sourceTree = "<group>"; };
		8DFC7D89241D9A4600C5E59F /* Base */ = {isa = PBXFileReference; lastKnownFileType = file.storyboard; name = Base; path = Base.lproj/Main.storyboard; sourceTree = "<group>"; };
		8DFC7D8B241D9A4700C5E59F /* Assets.xcassets */ = {isa = PBXFileReference; lastKnownFileType = folder.assetcatalog; path = Assets.xcassets; sourceTree = "<group>"; };
		8DFC7D8E241D9A4700C5E59F /* Base */ = {isa = PBXFileReference; lastKnownFileType = file.storyboard; name = Base; path = Base.lproj/LaunchScreen.storyboard; sourceTree = "<group>"; };
		8DFC7D90241D9A4700C5E59F /* Info.plist */ = {isa = PBXFileReference; lastKnownFileType = text.plist.xml; path = Info.plist; sourceTree = "<group>"; };
		8DFC7D95241D9A4700C5E59F /* i2020_03_14_CoordinatorTests.xctest */ = {isa = PBXFileReference; explicitFileType = wrapper.cfbundle; includeInIndex = 0; path = i2020_03_14_CoordinatorTests.xctest; sourceTree = BUILT_PRODUCTS_DIR; };
		8DFC7D99241D9A4700C5E59F /* i2020_03_14_CoordinatorTests.swift */ = {isa = PBXFileReference; lastKnownFileType = sourcecode.swift; path = i2020_03_14_CoordinatorTests.swift; sourceTree = "<group>"; };
		8DFC7D9B241D9A4700C5E59F /* Info.plist */ = {isa = PBXFileReference; lastKnownFileType = text.plist.xml; path = Info.plist; sourceTree = "<group>"; };
		8DFC7DA0241D9A4800C5E59F /* i2020_03_14_CoordinatorUITests.xctest */ = {isa = PBXFileReference; explicitFileType = wrapper.cfbundle; includeInIndex = 0; path = i2020_03_14_CoordinatorUITests.xctest; sourceTree = BUILT_PRODUCTS_DIR; };
		8DFC7DA4241D9A4800C5E59F /* i2020_03_14_CoordinatorUITests.swift */ = {isa = PBXFileReference; lastKnownFileType = sourcecode.swift; path = i2020_03_14_CoordinatorUITests.swift; sourceTree = "<group>"; };
		8DFC7DA6241D9A4800C5E59F /* Info.plist */ = {isa = PBXFileReference; lastKnownFileType = text.plist.xml; path = Info.plist; sourceTree = "<group>"; };
		8DFC7DB3241D9F8100C5E59F /* Coordinator.swift */ = {isa = PBXFileReference; lastKnownFileType = sourcecode.swift; path = Coordinator.swift; sourceTree = "<group>"; };
		8DFC7DB5241D9FAA00C5E59F /* Storyboarded.swift */ = {isa = PBXFileReference; lastKnownFileType = sourcecode.swift; path = Storyboarded.swift; sourceTree = "<group>"; };
		8DFC7DB8241D9FEB00C5E59F /* MainCoordinator.swift */ = {isa = PBXFileReference; lastKnownFileType = sourcecode.swift; path = MainCoordinator.swift; sourceTree = "<group>"; };
		8DFC7DBA241DA0B600C5E59F /* SecondViewController.swift */ = {isa = PBXFileReference; lastKnownFileType = sourcecode.swift; path = SecondViewController.swift; sourceTree = "<group>"; };
		8DFC7DBC241DA0C400C5E59F /* ThirdViewController.swift */ = {isa = PBXFileReference; lastKnownFileType = sourcecode.swift; path = ThirdViewController.swift; sourceTree = "<group>"; };
/* End PBXFileReference section */

/* Begin PBXFrameworksBuildPhase section */
		8DFC7D7C241D9A4600C5E59F /* Frameworks */ = {
			isa = PBXFrameworksBuildPhase;
			buildActionMask = 2147483647;
			files = (
			);
			runOnlyForDeploymentPostprocessing = 0;
		};
		8DFC7D92241D9A4700C5E59F /* Frameworks */ = {
			isa = PBXFrameworksBuildPhase;
			buildActionMask = 2147483647;
			files = (
			);
			runOnlyForDeploymentPostprocessing = 0;
		};
		8DFC7D9D241D9A4800C5E59F /* Frameworks */ = {
			isa = PBXFrameworksBuildPhase;
			buildActionMask = 2147483647;
			files = (
			);
			runOnlyForDeploymentPostprocessing = 0;
		};
/* End PBXFrameworksBuildPhase section */

/* Begin PBXGroup section */
		8DFC7D76241D9A4600C5E59F = {
			isa = PBXGroup;
			children = (
				8DFC7D81241D9A4600C5E59F /* i2020_03_14_Coordinator */,
				8DFC7D98241D9A4700C5E59F /* i2020_03_14_CoordinatorTests */,
				8DFC7DA3241D9A4800C5E59F /* i2020_03_14_CoordinatorUITests */,
				8DFC7D80241D9A4600C5E59F /* Products */,
			);
			sourceTree = "<group>";
		};
		8DFC7D80241D9A4600C5E59F /* Products */ = {
			isa = PBXGroup;
			children = (
				8DFC7D7F241D9A4600C5E59F /* i2020_03_14_Coordinator.app */,
				8DFC7D95241D9A4700C5E59F /* i2020_03_14_CoordinatorTests.xctest */,
				8DFC7DA0241D9A4800C5E59F /* i2020_03_14_CoordinatorUITests.xctest */,
			);
			name = Products;
			sourceTree = "<group>";
		};
		8DFC7D81241D9A4600C5E59F /* i2020_03_14_Coordinator */ = {
			isa = PBXGroup;
			children = (
				8DFC7DB7241D9FC900C5E59F /* ViewControllers */,
				8DFC7DB2241D9F6B00C5E59F /* Coordinators */,
				8DFC7D82241D9A4600C5E59F /* AppDelegate.swift */,
				8DFC7D88241D9A4600C5E59F /* Main.storyboard */,
				8DFC7D84241D9A4600C5E59F /* SceneDelegate.swift */,
				8DFC7D8B241D9A4700C5E59F /* Assets.xcassets */,
				8DFC7D8D241D9A4700C5E59F /* LaunchScreen.storyboard */,
				8DFC7D90241D9A4700C5E59F /* Info.plist */,
			);
			path = i2020_03_14_Coordinator;
			sourceTree = "<group>";
		};
		8DFC7D98241D9A4700C5E59F /* i2020_03_14_CoordinatorTests */ = {
			isa = PBXGroup;
			children = (
				8DFC7D99241D9A4700C5E59F /* i2020_03_14_CoordinatorTests.swift */,
				8DFC7D9B241D9A4700C5E59F /* Info.plist */,
			);
			path = i2020_03_14_CoordinatorTests;
			sourceTree = "<group>";
		};
		8DFC7DA3241D9A4800C5E59F /* i2020_03_14_CoordinatorUITests */ = {
			isa = PBXGroup;
			children = (
				8DFC7DA4241D9A4800C5E59F /* i2020_03_14_CoordinatorUITests.swift */,
				8DFC7DA6241D9A4800C5E59F /* Info.plist */,
			);
			path = i2020_03_14_CoordinatorUITests;
			sourceTree = "<group>";
		};
		8DFC7DB2241D9F6B00C5E59F /* Coordinators */ = {
			isa = PBXGroup;
			children = (
				8DFC7DB8241D9FEB00C5E59F /* MainCoordinator.swift */,
				8DFC7DB3241D9F8100C5E59F /* Coordinator.swift */,
				8DFC7DB5241D9FAA00C5E59F /* Storyboarded.swift */,
			);
			path = Coordinators;
			sourceTree = "<group>";
		};
		8DFC7DB7241D9FC900C5E59F /* ViewControllers */ = {
			isa = PBXGroup;
			children = (
				8DFC7D86241D9A4600C5E59F /* ViewController.swift */,
				8DFC7DBA241DA0B600C5E59F /* SecondViewController.swift */,
				8DFC7DBC241DA0C400C5E59F /* ThirdViewController.swift */,
			);
			path = ViewControllers;
			sourceTree = "<group>";
		};
/* End PBXGroup section */

/* Begin PBXNativeTarget section */
		8DFC7D7E241D9A4600C5E59F /* i2020_03_14_Coordinator */ = {
			isa = PBXNativeTarget;
			buildConfigurationList = 8DFC7DA9241D9A4800C5E59F /* Build configuration list for PBXNativeTarget "i2020_03_14_Coordinator" */;
			buildPhases = (
				8DFC7D7B241D9A4600C5E59F /* Sources */,
				8DFC7D7C241D9A4600C5E59F /* Frameworks */,
				8DFC7D7D241D9A4600C5E59F /* Resources */,
			);
			buildRules = (
			);
			dependencies = (
			);
			name = i2020_03_14_Coordinator;
			productName = i2020_03_14_Coordinator;
			productReference = 8DFC7D7F241D9A4600C5E59F /* i2020_03_14_Coordinator.app */;
			productType = "com.apple.product-type.application";
		};
		8DFC7D94241D9A4700C5E59F /* i2020_03_14_CoordinatorTests */ = {
			isa = PBXNativeTarget;
			buildConfigurationList = 8DFC7DAC241D9A4800C5E59F /* Build configuration list for PBXNativeTarget "i2020_03_14_CoordinatorTests" */;
			buildPhases = (
				8DFC7D91241D9A4700C5E59F /* Sources */,
				8DFC7D92241D9A4700C5E59F /* Frameworks */,
				8DFC7D93241D9A4700C5E59F /* Resources */,
			);
			buildRules = (
			);
			dependencies = (
				8DFC7D97241D9A4700C5E59F /* PBXTargetDependency */,
			);
			name = i2020_03_14_CoordinatorTests;
			productName = i2020_03_14_CoordinatorTests;
			productReference = 8DFC7D95241D9A4700C5E59F /* i2020_03_14_CoordinatorTests.xctest */;
			productType = "com.apple.product-type.bundle.unit-test";
		};
		8DFC7D9F241D9A4800C5E59F /* i2020_03_14_CoordinatorUITests */ = {
			isa = PBXNativeTarget;
			buildConfigurationList = 8DFC7DAF241D9A4800C5E59F /* Build configuration list for PBXNativeTarget "i2020_03_14_CoordinatorUITests" */;
			buildPhases = (
				8DFC7D9C241D9A4800C5E59F /* Sources */,
				8DFC7D9D241D9A4800C5E59F /* Frameworks */,
				8DFC7D9E241D9A4800C5E59F /* Resources */,
			);
			buildRules = (
			);
			dependencies = (
				8DFC7DA2241D9A4800C5E59F /* PBXTargetDependency */,
			);
			name = i2020_03_14_CoordinatorUITests;
			productName = i2020_03_14_CoordinatorUITests;
			productReference = 8DFC7DA0241D9A4800C5E59F /* i2020_03_14_CoordinatorUITests.xctest */;
			productType = "com.apple.product-type.bundle.ui-testing";
		};
/* End PBXNativeTarget section */

/* Begin PBXProject section */
		8DFC7D77241D9A4600C5E59F /* Project object */ = {
			isa = PBXProject;
			attributes = {
				LastSwiftUpdateCheck = 1130;
				LastUpgradeCheck = 1130;
				ORGANIZATIONNAME = "Bradford, Phillip";
				TargetAttributes = {
					8DFC7D7E241D9A4600C5E59F = {
						CreatedOnToolsVersion = 11.3.1;
					};
					8DFC7D94241D9A4700C5E59F = {
						CreatedOnToolsVersion = 11.3.1;
						TestTargetID = 8DFC7D7E241D9A4600C5E59F;
					};
					8DFC7D9F241D9A4800C5E59F = {
						CreatedOnToolsVersion = 11.3.1;
						TestTargetID = 8DFC7D7E241D9A4600C5E59F;
					};
				};
			};
			buildConfigurationList = 8DFC7D7A241D9A4600C5E59F /* Build configuration list for PBXProject "i2020_03_14_Coordinator" */;
			compatibilityVersion = "Xcode 9.3";
			developmentRegion = en;
			hasScannedForEncodings = 0;
			knownRegions = (
				en,
				Base,
			);
			mainGroup = 8DFC7D76241D9A4600C5E59F;
			productRefGroup = 8DFC7D80241D9A4600C5E59F /* Products */;
			projectDirPath = "";
			projectRoot = "";
			targets = (
				8DFC7D7E241D9A4600C5E59F /* i2020_03_14_Coordinator */,
				8DFC7D94241D9A4700C5E59F /* i2020_03_14_CoordinatorTests */,
				8DFC7D9F241D9A4800C5E59F /* i2020_03_14_CoordinatorUITests */,
			);
		};
/* End PBXProject section */

/* Begin PBXResourcesBuildPhase section */
		8DFC7D7D241D9A4600C5E59F /* Resources */ = {
			isa = PBXResourcesBuildPhase;
			buildActionMask = 2147483647;
			files = (
				8DFC7D8F241D9A4700C5E59F /* LaunchScreen.storyboard in Resources */,
				8DFC7D8C241D9A4700C5E59F /* Assets.xcassets in Resources */,
				8DFC7D8A241D9A4600C5E59F /* Main.storyboard in Resources */,
			);
			runOnlyForDeploymentPostprocessing = 0;
		};
		8DFC7D93241D9A4700C5E59F /* Resources */ = {
			isa = PBXResourcesBuildPhase;
			buildActionMask = 2147483647;
			files = (
			);
			runOnlyForDeploymentPostprocessing = 0;
		};
		8DFC7D9E241D9A4800C5E59F /* Resources */ = {
			isa = PBXResourcesBuildPhase;
			buildActionMask = 2147483647;
			files = (
			);
			runOnlyForDeploymentPostprocessing = 0;
		};
/* End PBXResourcesBuildPhase section */

/* Begin PBXSourcesBuildPhase section */
		8DFC7D7B241D9A4600C5E59F /* Sources */ = {
			isa = PBXSourcesBuildPhase;
			buildActionMask = 2147483647;
			files = (
				8DFC7DB4241D9F8100C5E59F /* Coordinator.swift in Sources */,
				8DFC7DB9241D9FEB00C5E59F /* MainCoordinator.swift in Sources */,
				8DFC7D87241D9A4600C5E59F /* ViewController.swift in Sources */,
				8DFC7DB6241D9FAA00C5E59F /* Storyboarded.swift in Sources */,
				8DFC7DBB241DA0B600C5E59F /* SecondViewController.swift in Sources */,
				8DFC7D83241D9A4600C5E59F /* AppDelegate.swift in Sources */,
				8DFC7DBD241DA0C400C5E59F /* ThirdViewController.swift in Sources */,
				8DFC7D85241D9A4600C5E59F /* SceneDelegate.swift in Sources */,
			);
			runOnlyForDeploymentPostprocessing = 0;
		};
		8DFC7D91241D9A4700C5E59F /* Sources */ = {
			isa = PBXSourcesBuildPhase;
			buildActionMask = 2147483647;
			files = (
				8DFC7D9A241D9A4700C5E59F /* i2020_03_14_CoordinatorTests.swift in Sources */,
			);
			runOnlyForDeploymentPostprocessing = 0;
		};
		8DFC7D9C241D9A4800C5E59F /* Sources */ = {
			isa = PBXSourcesBuildPhase;
			buildActionMask = 2147483647;
			files = (
				8DFC7DA5241D9A4800C5E59F /* i2020_03_14_CoordinatorUITests.swift in Sources */,
			);
			runOnlyForDeploymentPostprocessing = 0;
		};
/* End PBXSourcesBuildPhase section */

/* Begin PBXTargetDependency section */
		8DFC7D97241D9A4700C5E59F /* PBXTargetDependency */ = {
			isa = PBXTargetDependency;
			target = 8DFC7D7E241D9A4600C5E59F /* i2020_03_14_Coordinator */;
			targetProxy = 8DFC7D96241D9A4700C5E59F /* PBXContainerItemProxy */;
		};
		8DFC7DA2241D9A4800C5E59F /* PBXTargetDependency */ = {
			isa = PBXTargetDependency;
			target = 8DFC7D7E241D9A4600C5E59F /* i2020_03_14_Coordinator */;
			targetProxy = 8DFC7DA1241D9A4800C5E59F /* PBXContainerItemProxy */;
		};
/* End PBXTargetDependency section */

/* Begin PBXVariantGroup section */
		8DFC7D88241D9A4600C5E59F /* Main.storyboard */ = {
			isa = PBXVariantGroup;
			children = (
				8DFC7D89241D9A4600C5E59F /* Base */,
			);
			name = Main.storyboard;
			sourceTree = "<group>";
		};
		8DFC7D8D241D9A4700C5E59F /* LaunchScreen.storyboard */ = {
			isa = PBXVariantGroup;
			children = (
				8DFC7D8E241D9A4700C5E59F /* Base */,
			);
			name = LaunchScreen.storyboard;
			sourceTree = "<group>";
		};
/* End PBXVariantGroup section */

/* Begin XCBuildConfiguration section */
		8DFC7DA7241D9A4800C5E59F /* Debug */ = {
			isa = XCBuildConfiguration;
			buildSettings = {
				ALWAYS_SEARCH_USER_PATHS = NO;
				CLANG_ANALYZER_NONNULL = YES;
				CLANG_ANALYZER_NUMBER_OBJECT_CONVERSION = YES_AGGRESSIVE;
				CLANG_CXX_LANGUAGE_STANDARD = "gnu++14";
				CLANG_CXX_LIBRARY = "libc++";
				CLANG_ENABLE_MODULES = YES;
				CLANG_ENABLE_OBJC_ARC = YES;
				CLANG_ENABLE_OBJC_WEAK = YES;
				CLANG_WARN_BLOCK_CAPTURE_AUTORELEASING = YES;
				CLANG_WARN_BOOL_CONVERSION = YES;
				CLANG_WARN_COMMA = YES;
				CLANG_WARN_CONSTANT_CONVERSION = YES;
				CLANG_WARN_DEPRECATED_OBJC_IMPLEMENTATIONS = YES;
				CLANG_WARN_DIRECT_OBJC_ISA_USAGE = YES_ERROR;
				CLANG_WARN_DOCUMENTATION_COMMENTS = YES;
				CLANG_WARN_EMPTY_BODY = YES;
				CLANG_WARN_ENUM_CONVERSION = YES;
				CLANG_WARN_INFINITE_RECURSION = YES;
				CLANG_WARN_INT_CONVERSION = YES;
				CLANG_WARN_NON_LITERAL_NULL_CONVERSION = YES;
				CLANG_WARN_OBJC_IMPLICIT_RETAIN_SELF = YES;
				CLANG_WARN_OBJC_LITERAL_CONVERSION = YES;
				CLANG_WARN_OBJC_ROOT_CLASS = YES_ERROR;
				CLANG_WARN_RANGE_LOOP_ANALYSIS = YES;
				CLANG_WARN_STRICT_PROTOTYPES = YES;
				CLANG_WARN_SUSPICIOUS_MOVE = YES;
				CLANG_WARN_UNGUARDED_AVAILABILITY = YES_AGGRESSIVE;
				CLANG_WARN_UNREACHABLE_CODE = YES;
				CLANG_WARN__DUPLICATE_METHOD_MATCH = YES;
				COPY_PHASE_STRIP = NO;
				DEBUG_INFORMATION_FORMAT = dwarf;
				ENABLE_STRICT_OBJC_MSGSEND = YES;
				ENABLE_TESTABILITY = YES;
				GCC_C_LANGUAGE_STANDARD = gnu11;
				GCC_DYNAMIC_NO_PIC = NO;
				GCC_NO_COMMON_BLOCKS = YES;
				GCC_OPTIMIZATION_LEVEL = 0;
				GCC_PREPROCESSOR_DEFINITIONS = (
					"DEBUG=1",
					"$(inherited)",
				);
				GCC_WARN_64_TO_32_BIT_CONVERSION = YES;
				GCC_WARN_ABOUT_RETURN_TYPE = YES_ERROR;
				GCC_WARN_UNDECLARED_SELECTOR = YES;
				GCC_WARN_UNINITIALIZED_AUTOS = YES_AGGRESSIVE;
				GCC_WARN_UNUSED_FUNCTION = YES;
				GCC_WARN_UNUSED_VARIABLE = YES;
				IPHONEOS_DEPLOYMENT_TARGET = 13.2;
				MTL_ENABLE_DEBUG_INFO = INCLUDE_SOURCE;
				MTL_FAST_MATH = YES;
				ONLY_ACTIVE_ARCH = YES;
				SDKROOT = iphoneos;
				SWIFT_ACTIVE_COMPILATION_CONDITIONS = DEBUG;
				SWIFT_OPTIMIZATION_LEVEL = "-Onone";
			};
			name = Debug;
		};
		8DFC7DA8241D9A4800C5E59F /* Release */ = {
			isa = XCBuildConfiguration;
			buildSettings = {
				ALWAYS_SEARCH_USER_PATHS = NO;
				CLANG_ANALYZER_NONNULL = YES;
				CLANG_ANALYZER_NUMBER_OBJECT_CONVERSION = YES_AGGRESSIVE;
				CLANG_CXX_LANGUAGE_STANDARD = "gnu++14";
				CLANG_CXX_LIBRARY = "libc++";
				CLANG_ENABLE_MODULES = YES;
				CLANG_ENABLE_OBJC_ARC = YES;
				CLANG_ENABLE_OBJC_WEAK = YES;
				CLANG_WARN_BLOCK_CAPTURE_AUTORELEASING = YES;
				CLANG_WARN_BOOL_CONVERSION = YES;
				CLANG_WARN_COMMA = YES;
				CLANG_WARN_CONSTANT_CONVERSION = YES;
				CLANG_WARN_DEPRECATED_OBJC_IMPLEMENTATIONS = YES;
				CLANG_WARN_DIRECT_OBJC_ISA_USAGE = YES_ERROR;
				CLANG_WARN_DOCUMENTATION_COMMENTS = YES;
				CLANG_WARN_EMPTY_BODY = YES;
				CLANG_WARN_ENUM_CONVERSION = YES;
				CLANG_WARN_INFINITE_RECURSION = YES;
				CLANG_WARN_INT_CONVERSION = YES;
				CLANG_WARN_NON_LITERAL_NULL_CONVERSION = YES;
				CLANG_WARN_OBJC_IMPLICIT_RETAIN_SELF = YES;
				CLANG_WARN_OBJC_LITERAL_CONVERSION = YES;
				CLANG_WARN_OBJC_ROOT_CLASS = YES_ERROR;
				CLANG_WARN_RANGE_LOOP_ANALYSIS = YES;
				CLANG_WARN_STRICT_PROTOTYPES = YES;
				CLANG_WARN_SUSPICIOUS_MOVE = YES;
				CLANG_WARN_UNGUARDED_AVAILABILITY = YES_AGGRESSIVE;
				CLANG_WARN_UNREACHABLE_CODE = YES;
				CLANG_WARN__DUPLICATE_METHOD_MATCH = YES;
				COPY_PHASE_STRIP = NO;
				DEBUG_INFORMATION_FORMAT = "dwarf-with-dsym";
				ENABLE_NS_ASSERTIONS = NO;
				ENABLE_STRICT_OBJC_MSGSEND = YES;
				GCC_C_LANGUAGE_STANDARD = gnu11;
				GCC_NO_COMMON_BLOCKS = YES;
				GCC_WARN_64_TO_32_BIT_CONVERSION = YES;
				GCC_WARN_ABOUT_RETURN_TYPE = YES_ERROR;
				GCC_WARN_UNDECLARED_SELECTOR = YES;
				GCC_WARN_UNINITIALIZED_AUTOS = YES_AGGRESSIVE;
				GCC_WARN_UNUSED_FUNCTION = YES;
				GCC_WARN_UNUSED_VARIABLE = YES;
				IPHONEOS_DEPLOYMENT_TARGET = 13.2;
				MTL_ENABLE_DEBUG_INFO = NO;
				MTL_FAST_MATH = YES;
				SDKROOT = iphoneos;
				SWIFT_COMPILATION_MODE = wholemodule;
				SWIFT_OPTIMIZATION_LEVEL = "-O";
				VALIDATE_PRODUCT = YES;
			};
			name = Release;
		};
		8DFC7DAA241D9A4800C5E59F /* Debug */ = {
			isa = XCBuildConfiguration;
			buildSettings = {
				ASSETCATALOG_COMPILER_APPICON_NAME = AppIcon;
				CODE_SIGN_STYLE = Automatic;
				DEVELOPMENT_TEAM = 9RYN4XN273;
				INFOPLIST_FILE = i2020_03_14_Coordinator/Info.plist;
				LD_RUNPATH_SEARCH_PATHS = (
					"$(inherited)",
					"@executable_path/Frameworks",
				);
				PRODUCT_BUNDLE_IDENTIFIER = "PGB.i2020-03-14-Coordinator";
				PRODUCT_NAME = "$(TARGET_NAME)";
				SWIFT_VERSION = 5.0;
				TARGETED_DEVICE_FAMILY = "1,2";
			};
			name = Debug;
		};
		8DFC7DAB241D9A4800C5E59F /* Release */ = {
			isa = XCBuildConfiguration;
			buildSettings = {
				ASSETCATALOG_COMPILER_APPICON_NAME = AppIcon;
				CODE_SIGN_STYLE = Automatic;
				DEVELOPMENT_TEAM = 9RYN4XN273;
				INFOPLIST_FILE = i2020_03_14_Coordinator/Info.plist;
				LD_RUNPATH_SEARCH_PATHS = (
					"$(inherited)",
					"@executable_path/Frameworks",
				);
				PRODUCT_BUNDLE_IDENTIFIER = "PGB.i2020-03-14-Coordinator";
				PRODUCT_NAME = "$(TARGET_NAME)";
				SWIFT_VERSION = 5.0;
				TARGETED_DEVICE_FAMILY = "1,2";
			};
			name = Release;
		};
		8DFC7DAD241D9A4800C5E59F /* Debug */ = {
			isa = XCBuildConfiguration;
			buildSettings = {
				ALWAYS_EMBED_SWIFT_STANDARD_LIBRARIES = YES;
				BUNDLE_LOADER = "$(TEST_HOST)";
				CODE_SIGN_STYLE = Automatic;
				DEVELOPMENT_TEAM = 9RYN4XN273;
				INFOPLIST_FILE = i2020_03_14_CoordinatorTests/Info.plist;
				IPHONEOS_DEPLOYMENT_TARGET = 13.2;
				LD_RUNPATH_SEARCH_PATHS = (
					"$(inherited)",
					"@executable_path/Frameworks",
					"@loader_path/Frameworks",
				);
				PRODUCT_BUNDLE_IDENTIFIER = "PGB.i2020-03-14-CoordinatorTests";
				PRODUCT_NAME = "$(TARGET_NAME)";
				SWIFT_VERSION = 5.0;
				TARGETED_DEVICE_FAMILY = "1,2";
				TEST_HOST = "$(BUILT_PRODUCTS_DIR)/i2020_03_14_Coordinator.app/i2020_03_14_Coordinator";
			};
			name = Debug;
		};
		8DFC7DAE241D9A4800C5E59F /* Release */ = {
			isa = XCBuildConfiguration;
			buildSettings = {
				ALWAYS_EMBED_SWIFT_STANDARD_LIBRARIES = YES;
				BUNDLE_LOADER = "$(TEST_HOST)";
				CODE_SIGN_STYLE = Automatic;
				DEVELOPMENT_TEAM = 9RYN4XN273;
				INFOPLIST_FILE = i2020_03_14_CoordinatorTests/Info.plist;
				IPHONEOS_DEPLOYMENT_TARGET = 13.2;
				LD_RUNPATH_SEARCH_PATHS = (
					"$(inherited)",
					"@executable_path/Frameworks",
					"@loader_path/Frameworks",
				);
				PRODUCT_BUNDLE_IDENTIFIER = "PGB.i2020-03-14-CoordinatorTests";
				PRODUCT_NAME = "$(TARGET_NAME)";
				SWIFT_VERSION = 5.0;
				TARGETED_DEVICE_FAMILY = "1,2";
				TEST_HOST = "$(BUILT_PRODUCTS_DIR)/i2020_03_14_Coordinator.app/i2020_03_14_Coordinator";
			};
			name = Release;
		};
		8DFC7DB0241D9A4800C5E59F /* Debug */ = {
			isa = XCBuildConfiguration;
			buildSettings = {
				ALWAYS_EMBED_SWIFT_STANDARD_LIBRARIES = YES;
				CODE_SIGN_STYLE = Automatic;
				DEVELOPMENT_TEAM = 9RYN4XN273;
				INFOPLIST_FILE = i2020_03_14_CoordinatorUITests/Info.plist;
				LD_RUNPATH_SEARCH_PATHS = (
					"$(inherited)",
					"@executable_path/Frameworks",
					"@loader_path/Frameworks",
				);
				PRODUCT_BUNDLE_IDENTIFIER = "PGB.i2020-03-14-CoordinatorUITests";
				PRODUCT_NAME = "$(TARGET_NAME)";
				SWIFT_VERSION = 5.0;
				TARGETED_DEVICE_FAMILY = "1,2";
				TEST_TARGET_NAME = i2020_03_14_Coordinator;
			};
			name = Debug;
		};
		8DFC7DB1241D9A4800C5E59F /* Release */ = {
			isa = XCBuildConfiguration;
			buildSettings = {
				ALWAYS_EMBED_SWIFT_STANDARD_LIBRARIES = YES;
				CODE_SIGN_STYLE = Automatic;
				DEVELOPMENT_TEAM = 9RYN4XN273;
				INFOPLIST_FILE = i2020_03_14_CoordinatorUITests/Info.plist;
				LD_RUNPATH_SEARCH_PATHS = (
					"$(inherited)",
					"@executable_path/Frameworks",
					"@loader_path/Frameworks",
				);
				PRODUCT_BUNDLE_IDENTIFIER = "PGB.i2020-03-14-CoordinatorUITests";
				PRODUCT_NAME = "$(TARGET_NAME)";
				SWIFT_VERSION = 5.0;
				TARGETED_DEVICE_FAMILY = "1,2";
				TEST_TARGET_NAME = i2020_03_14_Coordinator;
			};
			name = Release;
		};
/* End XCBuildConfiguration section */

/* Begin XCConfigurationList section */
		8DFC7D7A241D9A4600C5E59F /* Build configuration list for PBXProject "i2020_03_14_Coordinator" */ = {
			isa = XCConfigurationList;
			buildConfigurations = (
				8DFC7DA7241D9A4800C5E59F /* Debug */,
				8DFC7DA8241D9A4800C5E59F /* Release */,
			);
			defaultConfigurationIsVisible = 0;
			defaultConfigurationName = Release;
		};
		8DFC7DA9241D9A4800C5E59F /* Build configuration list for PBXNativeTarget "i2020_03_14_Coordinator" */ = {
			isa = XCConfigurationList;
			buildConfigurations = (
				8DFC7DAA241D9A4800C5E59F /* Debug */,
				8DFC7DAB241D9A4800C5E59F /* Release */,
			);
			defaultConfigurationIsVisible = 0;
			defaultConfigurationName = Release;
		};
		8DFC7DAC241D9A4800C5E59F /* Build configuration list for PBXNativeTarget "i2020_03_14_CoordinatorTests" */ = {
			isa = XCConfigurationList;
			buildConfigurations = (
				8DFC7DAD241D9A4800C5E59F /* Debug */,
				8DFC7DAE241D9A4800C5E59F /* Release */,
			);
			defaultConfigurationIsVisible = 0;
			defaultConfigurationName = Release;
		};
		8DFC7DAF241D9A4800C5E59F /* Build configuration list for PBXNativeTarget "i2020_03_14_CoordinatorUITests" */ = {
			isa = XCConfigurationList;
			buildConfigurations = (
				8DFC7DB0241D9A4800C5E59F /* Debug */,
				8DFC7DB1241D9A4800C5E59F /* Release */,
			);
			defaultConfigurationIsVisible = 0;
			defaultConfigurationName = Release;
		};
/* End XCConfigurationList section */
	};
	rootObject = 8DFC7D77241D9A4600C5E59F /* Project object */;
}
